
Microsoft Visual Studio Solution File, Format Version 12.00
# Visual Studio 15
VisualStudioVersion = 15.0.28307.572
MinimumVisualStudioVersion = 10.0.40219.1
Project("{9A19103F-16F7-4668-BE54-9A1E7A4F7556}") = "KopSoftWms", "KopSoftWms\KopSoftWms.csproj", "{AB10278E-541F-43A6-BB31-360B8F43AE92}"
EndProject
Project("{2150E333-8FDC-42A3-9474-1A3956D46DE8}") = "YL.Core", "YL.Core", "{0C5095D0-6E22-4148-89A3-B44D6DFC29E3}"
EndProject
Project("{9A19103F-16F7-4668-BE54-9A1E7A4F7556}") = "Dto", "Dto\Dto.csproj", "{34D767FD-4446-401D-9F1C-98081D88B615}"
EndProject
Project("{9A19103F-16F7-4668-BE54-9A1E7A4F7556}") = "Orm", "Orm\Orm.csproj", "{8F99EFFD-A2A3-413A-9EC4-4ADDFA1A978B}"
EndProject
Project("{9A19103F-16F7-4668-BE54-9A1E7A4F7556}") = "Entity", "Entity\Entity.csproj", "{0FA88DA9-FA21-4F08-AF7F-5D9DE772DD79}"
EndProject
Project("{2150E333-8FDC-42A3-9474-1A3956D46DE8}") = "YL.Services", "YL.Services", "{8FA3375D-7742-471C-8012-99F882F13CE0}"
EndProject
Project("{2150E333-8FDC-42A3-9474-1A3956D46DE8}") = "YL.Repository", "YL.Repository", "{06B1CF6E-C674-476C-8CD5-D10C0FB0B319}"
EndProject
Project("{2150E333-8FDC-42A3-9474-1A3956D46DE8}") = "YL.Util", "YL.Util", "{BC25B864-6322-4879-BD44-B12C9ADD29F4}"
EndProject
Project("{9A19103F-16F7-4668-BE54-9A1E7A4F7556}") = "Repository", "Repository\Repository.csproj", "{FD70BC30-5AEB-4EA0-A701-D3293BAC4650}"
EndProject
Project("{9A19103F-16F7-4668-BE54-9A1E7A4F7556}") = "IRepository", "IRepository\IRepository.csproj", "{D566D03B-E6E0-4BEE-9544-6B1A37E4DD59}"
EndProject
Project("{9A19103F-16F7-4668-BE54-9A1E7A4F7556}") = "IServices", "IServices\IServices.csproj", "{9D3314A5-67C9-4AD4-AC50-881B4510DA19}"
EndProject
Project("{9A19103F-16F7-4668-BE54-9A1E7A4F7556}") = "YL.Utils", "YL.Utils\YL.Utils.csproj", "{489B84BB-ED00-4DB7-8D1E-117A6F774968}"
EndProject
Project("{2150E333-8FDC-42A3-9474-1A3956D46DE8}") = "YL.NetCore", "YL.NetCore", "{37A7799B-1F85-4746-A9EA-B0F219831CDA}"
EndProject
Project("{9A19103F-16F7-4668-BE54-9A1E7A4F7556}") = "YL.NetCore", "NetCore\YL.NetCore.csproj", "{5B9D28EC-6ACE-464E-AF09-141ED6E451F7}"
EndProject
Project("{9A19103F-16F7-4668-BE54-9A1E7A4F7556}") = "YL.NetCoreApp", "NetCoreApp\YL.NetCoreApp.csproj", "{FCA45070-6064-40DB-A5E8-4778E0C99E2D}"
EndProject
Project("{2150E333-8FDC-42A3-9474-1A3956D46DE8}") = "src", "src", "{34B22F89-6684-4AD7-B92A-8C452BA1AFB9}"
EndProject
Project("{2150E333-8FDC-42A3-9474-1A3956D46DE8}") = "test", "test", "{113E9737-A3EA-493C-9C39-2F044C12C41C}"
EndProject
Project("{9A19103F-16F7-4668-BE54-9A1E7A4F7556}") = "Services", "Services\Services.csproj", "{5ECAA16F-5715-4310-B2C9-68C4BA72B432}"
EndProject
Project("{9A19103F-16F7-4668-BE54-9A1E7A4F7556}") = "XUnitTestKopSoftWms", "..\test\XUnitTestKopSoftWms\XUnitTestKopSoftWms.csproj", "{B3B2E6B4-3457-449F-9144-6030A795D2AD}"
EndProject
Global
	GlobalSection(SolutionConfigurationPlatforms) = preSolution
		Debug|Any CPU = Debug|Any CPU
		Release|Any CPU = Release|Any CPU
	EndGlobalSection
	GlobalSection(ProjectConfigurationPlatforms) = postSolution
		{AB10278E-541F-43A6-BB31-360B8F43AE92}.Debug|Any CPU.ActiveCfg = Debug|Any CPU
		{AB10278E-541F-43A6-BB31-360B8F43AE92}.Debug|Any CPU.Build.0 = Debug|Any CPU
		{AB10278E-541F-43A6-BB31-360B8F43AE92}.Release|Any CPU.ActiveCfg = Release|Any CPU
		{AB10278E-541F-43A6-BB31-360B8F43AE92}.Release|Any CPU.Build.0 = Release|Any CPU
		{34D767FD-4446-401D-9F1C-98081D88B615}.Debug|Any CPU.ActiveCfg = Debug|Any CPU
		{34D767FD-4446-401D-9F1C-98081D88B615}.Debug|Any CPU.Build.0 = Debug|Any CPU
		{34D767FD-4446-401D-9F1C-98081D88B615}.Release|Any CPU.ActiveCfg = Release|Any CPU
		{34D767FD-4446-401D-9F1C-98081D88B615}.Release|Any CPU.Build.0 = Release|Any CPU
		{8F99EFFD-A2A3-413A-9EC4-4ADDFA1A978B}.Debug|Any CPU.ActiveCfg = Debug|Any CPU
		{8F99EFFD-A2A3-413A-9EC4-4ADDFA1A978B}.Debug|Any CPU.Build.0 = Debug|Any CPU
		{8F99EFFD-A2A3-413A-9EC4-4ADDFA1A978B}.Release|Any CPU.ActiveCfg = Release|Any CPU
		{8F99EFFD-A2A3-413A-9EC4-4ADDFA1A978B}.Release|Any CPU.Build.0 = Release|Any CPU
		{0FA88DA9-FA21-4F08-AF7F-5D9DE772DD79}.Debug|Any CPU.ActiveCfg = Debug|Any CPU
		{0FA88DA9-FA21-4F08-AF7F-5D9DE772DD79}.Debug|Any CPU.Build.0 = Debug|Any CPU
		{0FA88DA9-FA21-4F08-AF7F-5D9DE772DD79}.Release|Any CPU.ActiveCfg = Release|Any CPU
		{0FA88DA9-FA21-4F08-AF7F-5D9DE772DD79}.Release|Any CPU.Build.0 = Release|Any CPU
		{FD70BC30-5AEB-4EA0-A701-D3293BAC4650}.Debug|Any CPU.ActiveCfg = Debug|Any CPU
		{FD70BC30-5AEB-4EA0-A701-D3293BAC4650}.Debug|Any CPU.Build.0 = Debug|Any CPU
		{FD70BC30-5AEB-4EA0-A701-D3293BAC4650}.Release|Any CPU.ActiveCfg = Release|Any CPU
		{FD70BC30-5AEB-4EA0-A701-D3293BAC4650}.Release|Any CPU.Build.0 = Release|Any CPU
		{D566D03B-E6E0-4BEE-9544-6B1A37E4DD59}.Debug|Any CPU.ActiveCfg = Debug|Any CPU
		{D566D03B-E6E0-4BEE-9544-6B1A37E4DD59}.Debug|Any CPU.Build.0 = Debug|Any CPU
		{D566D03B-E6E0-4BEE-9544-6B1A37E4DD59}.Release|Any CPU.ActiveCfg = Release|Any CPU
		{D566D03B-E6E0-4BEE-9544-6B1A37E4DD59}.Release|Any CPU.Build.0 = Release|Any CPU
		{9D3314A5-67C9-4AD4-AC50-881B4510DA19}.Debug|Any CPU.ActiveCfg = Debug|Any CPU
		{9D3314A5-67C9-4AD4-AC50-881B4510DA19}.Debug|Any CPU.Build.0 = Debug|Any CPU
		{9D3314A5-67C9-4AD4-AC50-881B4510DA19}.Release|Any CPU.ActiveCfg = Release|Any CPU
		{9D3314A5-67C9-4AD4-AC50-881B4510DA19}.Release|Any CPU.Build.0 = Release|Any CPU
		{489B84BB-ED00-4DB7-8D1E-117A6F774968}.Debug|Any CPU.ActiveCfg = Debug|Any CPU
		{489B84BB-ED00-4DB7-8D1E-117A6F774968}.Debug|Any CPU.Build.0 = Debug|Any CPU
		{489B84BB-ED00-4DB7-8D1E-117A6F774968}.Release|Any CPU.ActiveCfg = Release|Any CPU
		{489B84BB-ED00-4DB7-8D1E-117A6F774968}.Release|Any CPU.Build.0 = Release|Any CPU
		{5B9D28EC-6ACE-464E-AF09-141ED6E451F7}.Debug|Any CPU.ActiveCfg = Debug|Any CPU
		{5B9D28EC-6ACE-464E-AF09-141ED6E451F7}.Debug|Any CPU.Build.0 = Debug|Any CPU
		{5B9D28EC-6ACE-464E-AF09-141ED6E451F7}.Release|Any CPU.ActiveCfg = Release|Any CPU
		{5B9D28EC-6ACE-464E-AF09-141ED6E451F7}.Release|Any CPU.Build.0 = Release|Any CPU
		{FCA45070-6064-40DB-A5E8-4778E0C99E2D}.Debug|Any CPU.ActiveCfg = Debug|Any CPU
		{FCA45070-6064-40DB-A5E8-4778E0C99E2D}.Debug|Any CPU.Build.0 = Debug|Any CPU
		{FCA45070-6064-40DB-A5E8-4778E0C99E2D}.Release|Any CPU.ActiveCfg = Release|Any CPU
		{FCA45070-6064-40DB-A5E8-4778E0C99E2D}.Release|Any CPU.Build.0 = Release|Any CPU
		{5ECAA16F-5715-4310-B2C9-68C4BA72B432}.Debug|Any CPU.ActiveCfg = Debug|Any CPU
		{5ECAA16F-5715-4310-B2C9-68C4BA72B432}.Debug|Any CPU.Build.0 = Debug|Any CPU
		{5ECAA16F-5715-4310-B2C9-68C4BA72B432}.Release|Any CPU.ActiveCfg = Release|Any CPU
		{5ECAA16F-5715-4310-B2C9-68C4BA72B432}.Release|Any CPU.Build.0 = Release|Any CPU
		{B3B2E6B4-3457-449F-9144-6030A795D2AD}.Debug|Any CPU.ActiveCfg = Debug|Any CPU
		{B3B2E6B4-3457-449F-9144-6030A795D2AD}.Debug|Any CPU.Build.0 = Debug|Any CPU
		{B3B2E6B4-3457-449F-9144-6030A795D2AD}.Release|Any CPU.ActiveCfg = Release|Any CPU
		{B3B2E6B4-3457-449F-9144-6030A795D2AD}.Release|Any CPU.Build.0 = Release|Any CPU
	EndGlobalSection
	GlobalSection(SolutionProperties) = preSolution
		HideSolutionNode = FALSE
	EndGlobalSection
	GlobalSection(NestedProjects) = preSolution
		{AB10278E-541F-43A6-BB31-360B8F43AE92} = {34B22F89-6684-4AD7-B92A-8C452BA1AFB9}
		{0C5095D0-6E22-4148-89A3-B44D6DFC29E3} = {34B22F89-6684-4AD7-B92A-8C452BA1AFB9}
		{34D767FD-4446-401D-9F1C-98081D88B615} = {0C5095D0-6E22-4148-89A3-B44D6DFC29E3}
		{8F99EFFD-A2A3-413A-9EC4-4ADDFA1A978B} = {0C5095D0-6E22-4148-89A3-B44D6DFC29E3}
		{0FA88DA9-FA21-4F08-AF7F-5D9DE772DD79} = {0C5095D0-6E22-4148-89A3-B44D6DFC29E3}
		{8FA3375D-7742-471C-8012-99F882F13CE0} = {34B22F89-6684-4AD7-B92A-8C452BA1AFB9}
		{06B1CF6E-C674-476C-8CD5-D10C0FB0B319} = {34B22F89-6684-4AD7-B92A-8C452BA1AFB9}
		{BC25B864-6322-4879-BD44-B12C9ADD29F4} = {34B22F89-6684-4AD7-B92A-8C452BA1AFB9}
		{FD70BC30-5AEB-4EA0-A701-D3293BAC4650} = {06B1CF6E-C674-476C-8CD5-D10C0FB0B319}
		{D566D03B-E6E0-4BEE-9544-6B1A37E4DD59} = {06B1CF6E-C674-476C-8CD5-D10C0FB0B319}
		{9D3314A5-67C9-4AD4-AC50-881B4510DA19} = {8FA3375D-7742-471C-8012-99F882F13CE0}
		{489B84BB-ED00-4DB7-8D1E-117A6F774968} = {BC25B864-6322-4879-BD44-B12C9ADD29F4}
		{37A7799B-1F85-4746-A9EA-B0F219831CDA} = {34B22F89-6684-4AD7-B92A-8C452BA1AFB9}
		{5B9D28EC-6ACE-464E-AF09-141ED6E451F7} = {37A7799B-1F85-4746-A9EA-B0F219831CDA}
		{FCA45070-6064-40DB-A5E8-4778E0C99E2D} = {37A7799B-1F85-4746-A9EA-B0F219831CDA}
		{5ECAA16F-5715-4310-B2C9-68C4BA72B432} = {8FA3375D-7742-471C-8012-99F882F13CE0}
		{B3B2E6B4-3457-449F-9144-6030A795D2AD} = {113E9737-A3EA-493C-9C39-2F044C12C41C}
	EndGlobalSection
	GlobalSection(ExtensibilityGlobals) = postSolution
		SolutionGuid = {D493867C-D775-4AEC-9F0A-298A298D9FFE}
	EndGlobalSection
EndGlobal
